
Microsoft Visual Studio Solution File, Format Version 12.00
# Visual Studio 14
VisualStudioVersion = 14.0.25420.1
MinimumVisualStudioVersion = 10.0.40219.1
Project("{FAE04EC0-301F-11D3-BF4B-00C04F79EFBC}") = "Redzen.Midi", "Redzen.Midi\Redzen.Midi.csproj", "{F60D8B7B-2D2E-4B94-A736-3783FFE1A25C}"
EndProject
Project("{FAE04EC0-301F-11D3-BF4B-00C04F79EFBC}") = "Redzen.MidiDrummer", "Redzen.MidiDrummer\Redzen.MidiDrummer.csproj", "{6F37EED3-C087-43B0-94A1-8E73715BD7EB}"
EndProject
Global
	GlobalSection(SolutionConfigurationPlatforms) = preSolution
		Debug|Any CPU = Debug|Any CPU
		Release|Any CPU = Release|Any CPU
	EndGlobalSection
	GlobalSection(ProjectConfigurationPlatforms) = postSolution
		{F60D8B7B-2D2E-4B94-A736-3783FFE1A25C}.Debug|Any CPU.ActiveCfg = Debug|Any CPU
		{F60D8B7B-2D2E-4B94-A736-3783FFE1A25C}.Debug|Any CPU.Build.0 = Debug|Any CPU
		{F60D8B7B-2D2E-4B94-A736-3783FFE1A25C}.Release|Any CPU.ActiveCfg = Release|Any CPU
		{F60D8B7B-2D2E-4B94-A736-3783FFE1A25C}.Release|Any CPU.Build.0 = Release|Any CPU
		{6F37EED3-C087-43B0-94A1-8E73715BD7EB}.Debug|Any CPU.ActiveCfg = Debug|Any CPU
		{6F37EED3-C087-43B0-94A1-8E73715BD7EB}.Debug|Any CPU.Build.0 = Debug|Any CPU
		{6F37EED3-C087-43B0-94A1-8E73715BD7EB}.Release|Any CPU.ActiveCfg = Release|Any CPU
		{6F37EED3-C087-43B0-94A1-8E73715BD7EB}.Release|Any CPU.Build.0 = Release|Any CPU
	EndGlobalSection
	GlobalSection(SolutionProperties) = preSolution
		HideSolutionNode = FALSE
	EndGlobalSection
EndGlobal
